// !$*UTF8*$!
{
	archiveVersion = 1;
	classes = {
	};
	objectVersion = 56;
	objects = {

/* Begin PBXBuildFile section */
		71390B722BBC668B003DB608 /* AppDelegate.m in Sources */ = {isa = PBXBuildFile; fileRef = 71390B712BBC668B003DB608 /* AppDelegate.m */; };
		71390B752BBC668B003DB608 /* SceneDelegate.m in Sources */ = {isa = PBXBuildFile; fileRef = 71390B742BBC668B003DB608 /* SceneDelegate.m */; };
		71390B7B2BBC668B003DB608 /* Main.storyboard in Resources */ = {isa = PBXBuildFile; fileRef = 71390B792BBC668B003DB608 /* Main.storyboard */; };
		71390B7D2BBC668C003DB608 /* Assets.xcassets in Resources */ = {isa = PBXBuildFile; fileRef = 71390B7C2BBC668C003DB608 /* Assets.xcassets */; };
		71390B802BBC668C003DB608 /* LaunchScreen.storyboard in Resources */ = {isa = PBXBuildFile; fileRef = 71390B7E2BBC668C003DB608 /* LaunchScreen.storyboard */; };
		71390B832BBC668C003DB608 /* main.m in Sources */ = {isa = PBXBuildFile; fileRef = 71390B822BBC668C003DB608 /* main.m */; };
		715F3D1A2BC42E0800F0DC79 /* CUBInviteTableViewCell.m in Sources */ = {isa = PBXBuildFile; fileRef = 715F3D0B2BC42E0800F0DC79 /* CUBInviteTableViewCell.m */; };
		715F3D1B2BC42E0800F0DC79 /* CUBFriendViewController.m in Sources */ = {isa = PBXBuildFile; fileRef = 715F3D0C2BC42E0800F0DC79 /* CUBFriendViewController.m */; };
		715F3D1C2BC42E0800F0DC79 /* CUBSearchTableViewCell.m in Sources */ = {isa = PBXBuildFile; fileRef = 715F3D0F2BC42E0800F0DC79 /* CUBSearchTableViewCell.m */; };
		715F3D1D2BC42E0800F0DC79 /* CUBUserTableViewCell.m in Sources */ = {isa = PBXBuildFile; fileRef = 715F3D102BC42E0800F0DC79 /* CUBUserTableViewCell.m */; };
		715F3D1E2BC42E0800F0DC79 /* CUBNoFriendTableViewCell.m in Sources */ = {isa = PBXBuildFile; fileRef = 715F3D142BC42E0800F0DC79 /* CUBNoFriendTableViewCell.m */; };
		715F3D1F2BC42E0800F0DC79 /* CUBTableViewCellBaseClass.m in Sources */ = {isa = PBXBuildFile; fileRef = 715F3D172BC42E0800F0DC79 /* CUBTableViewCellBaseClass.m */; };
		715F3D202BC42E0800F0DC79 /* CUBFriendTableViewCell.m in Sources */ = {isa = PBXBuildFile; fileRef = 715F3D192BC42E0800F0DC79 /* CUBFriendTableViewCell.m */; };
		715F3D2E2BC42FE600F0DC79 /* CUBNoFriendModel.m in Sources */ = {isa = PBXBuildFile; fileRef = 715F3D222BC42FE600F0DC79 /* CUBNoFriendModel.m */; };
		715F3D2F2BC42FE600F0DC79 /* CUBSearchModel.m in Sources */ = {isa = PBXBuildFile; fileRef = 715F3D232BC42FE600F0DC79 /* CUBSearchModel.m */; };
		715F3D302BC42FE600F0DC79 /* CUBInviteModel.m in Sources */ = {isa = PBXBuildFile; fileRef = 715F3D242BC42FE600F0DC79 /* CUBInviteModel.m */; };
		715F3D312BC42FE600F0DC79 /* CUBModelBaseClass.m in Sources */ = {isa = PBXBuildFile; fileRef = 715F3D252BC42FE600F0DC79 /* CUBModelBaseClass.m */; };
		715F3D322BC42FE600F0DC79 /* CUBFriendModel.m in Sources */ = {isa = PBXBuildFile; fileRef = 715F3D262BC42FE600F0DC79 /* CUBFriendModel.m */; };
		715F3D332BC42FE600F0DC79 /* CUBUserModel.m in Sources */ = {isa = PBXBuildFile; fileRef = 715F3D272BC42FE600F0DC79 /* CUBUserModel.m */; };
		715F3D372BC434B200F0DC79 /* CUBFriendViewModel.m in Sources */ = {isa = PBXBuildFile; fileRef = 715F3D362BC434B200F0DC79 /* CUBFriendViewModel.m */; };
		715F3D3B2BC4384C00F0DC79 /* CUBFriendDataManager.m in Sources */ = {isa = PBXBuildFile; fileRef = 715F3D3A2BC4384C00F0DC79 /* CUBFriendDataManager.m */; };
		715F3D412BC43A4C00F0DC79 /* CUBApiClientCenter.m in Sources */ = {isa = PBXBuildFile; fileRef = 715F3D3D2BC43A4C00F0DC79 /* CUBApiClientCenter.m */; };
		715F3D422BC43A4C00F0DC79 /* CUBNetworking.m in Sources */ = {isa = PBXBuildFile; fileRef = 715F3D3E2BC43A4C00F0DC79 /* CUBNetworking.m */; };
		718443512BC8481200395501 /* CUBSegmentModel.m in Sources */ = {isa = PBXBuildFile; fileRef = 718443502BC8481200395501 /* CUBSegmentModel.m */; };
		718443542BC8487000395501 /* CUBSegmentTableViewCell.m in Sources */ = {isa = PBXBuildFile; fileRef = 718443532BC8487000395501 /* CUBSegmentTableViewCell.m */; };
		F9E17C5FB1A36DD86B7D7B81 /* Pods_CVM.framework in Frameworks */ = {isa = PBXBuildFile; fileRef = D6CAEDE7674EDD005B249363 /* Pods_CVM.framework */; };
/* End PBXBuildFile section */

/* Begin PBXFileReference section */
		65F61DC186C97505FA55E7F4 /* Pods-CVM.release.xcconfig */ = {isa = PBXFileReference; includeInIndex = 1; lastKnownFileType = text.xcconfig; name = "Pods-CVM.release.xcconfig"; path = "Target Support Files/Pods-CVM/Pods-CVM.release.xcconfig"; sourceTree = "<group>"; };
		71390B6D2BBC668B003DB608 /* CVM.app */ = {isa = PBXFileReference; explicitFileType = wrapper.application; includeInIndex = 0; path = CVM.app; sourceTree = BUILT_PRODUCTS_DIR; };
		71390B702BBC668B003DB608 /* AppDelegate.h */ = {isa = PBXFileReference; lastKnownFileType = sourcecode.c.h; path = AppDelegate.h; sourceTree = "<group>"; };
		71390B712BBC668B003DB608 /* AppDelegate.m */ = {isa = PBXFileReference; lastKnownFileType = sourcecode.c.objc; path = AppDelegate.m; sourceTree = "<group>"; };
		71390B732BBC668B003DB608 /* SceneDelegate.h */ = {isa = PBXFileReference; lastKnownFileType = sourcecode.c.h; path = SceneDelegate.h; sourceTree = "<group>"; };
		71390B742BBC668B003DB608 /* SceneDelegate.m */ = {isa = PBXFileReference; lastKnownFileType = sourcecode.c.objc; path = SceneDelegate.m; sourceTree = "<group>"; };
		71390B7A2BBC668B003DB608 /* Base */ = {isa = PBXFileReference; lastKnownFileType = file.storyboard; name = Base; path = Base.lproj/Main.storyboard; sourceTree = "<group>"; };
		71390B7C2BBC668C003DB608 /* Assets.xcassets */ = {isa = PBXFileReference; lastKnownFileType = folder.assetcatalog; path = Assets.xcassets; sourceTree = "<group>"; };
		71390B7F2BBC668C003DB608 /* Base */ = {isa = PBXFileReference; lastKnownFileType = file.storyboard; name = Base; path = Base.lproj/LaunchScreen.storyboard; sourceTree = "<group>"; };
		71390B812BBC668C003DB608 /* Info.plist */ = {isa = PBXFileReference; lastKnownFileType = text.plist.xml; path = Info.plist; sourceTree = "<group>"; };
		71390B822BBC668C003DB608 /* main.m */ = {isa = PBXFileReference; lastKnownFileType = sourcecode.c.objc; path = main.m; sourceTree = "<group>"; };
		715F3D0B2BC42E0800F0DC79 /* CUBInviteTableViewCell.m */ = {isa = PBXFileReference; fileEncoding = 4; lastKnownFileType = sourcecode.c.objc; path = CUBInviteTableViewCell.m; sourceTree = "<group>"; };
		715F3D0C2BC42E0800F0DC79 /* CUBFriendViewController.m */ = {isa = PBXFileReference; fileEncoding = 4; lastKnownFileType = sourcecode.c.objc; path = CUBFriendViewController.m; sourceTree = "<group>"; };
		715F3D0D2BC42E0800F0DC79 /* CUBNoFriendTableViewCell.h */ = {isa = PBXFileReference; fileEncoding = 4; lastKnownFileType = sourcecode.c.h; path = CUBNoFriendTableViewCell.h; sourceTree = "<group>"; };
		715F3D0E2BC42E0800F0DC79 /* CUBTableViewCellBaseClass.h */ = {isa = PBXFileReference; fileEncoding = 4; lastKnownFileType = sourcecode.c.h; path = CUBTableViewCellBaseClass.h; sourceTree = "<group>"; };
		715F3D0F2BC42E0800F0DC79 /* CUBSearchTableViewCell.m */ = {isa = PBXFileReference; fileEncoding = 4; lastKnownFileType = sourcecode.c.objc; path = CUBSearchTableViewCell.m; sourceTree = "<group>"; };
		715F3D102BC42E0800F0DC79 /* CUBUserTableViewCell.m */ = {isa = PBXFileReference; fileEncoding = 4; lastKnownFileType = sourcecode.c.objc; path = CUBUserTableViewCell.m; sourceTree = "<group>"; };
		715F3D112BC42E0800F0DC79 /* CUBFriendTableViewCell.h */ = {isa = PBXFileReference; fileEncoding = 4; lastKnownFileType = sourcecode.c.h; path = CUBFriendTableViewCell.h; sourceTree = "<group>"; };
		715F3D122BC42E0800F0DC79 /* CUBFriendViewController.h */ = {isa = PBXFileReference; fileEncoding = 4; lastKnownFileType = sourcecode.c.h; path = CUBFriendViewController.h; sourceTree = "<group>"; };
		715F3D132BC42E0800F0DC79 /* CUBInviteTableViewCell.h */ = {isa = PBXFileReference; fileEncoding = 4; lastKnownFileType = sourcecode.c.h; path = CUBInviteTableViewCell.h; sourceTree = "<group>"; };
		715F3D142BC42E0800F0DC79 /* CUBNoFriendTableViewCell.m */ = {isa = PBXFileReference; fileEncoding = 4; lastKnownFileType = sourcecode.c.objc; path = CUBNoFriendTableViewCell.m; sourceTree = "<group>"; };
		715F3D152BC42E0800F0DC79 /* CUBUserTableViewCell.h */ = {isa = PBXFileReference; fileEncoding = 4; lastKnownFileType = sourcecode.c.h; path = CUBUserTableViewCell.h; sourceTree = "<group>"; };
		715F3D162BC42E0800F0DC79 /* CUBSearchTableViewCell.h */ = {isa = PBXFileReference; fileEncoding = 4; lastKnownFileType = sourcecode.c.h; path = CUBSearchTableViewCell.h; sourceTree = "<group>"; };
		715F3D172BC42E0800F0DC79 /* CUBTableViewCellBaseClass.m */ = {isa = PBXFileReference; fileEncoding = 4; lastKnownFileType = sourcecode.c.objc; path = CUBTableViewCellBaseClass.m; sourceTree = "<group>"; };
		715F3D182BC42E0800F0DC79 /* CUBTableViewCellProtocol.h */ = {isa = PBXFileReference; fileEncoding = 4; lastKnownFileType = sourcecode.c.h; path = CUBTableViewCellProtocol.h; sourceTree = "<group>"; };
		715F3D192BC42E0800F0DC79 /* CUBFriendTableViewCell.m */ = {isa = PBXFileReference; fileEncoding = 4; lastKnownFileType = sourcecode.c.objc; path = CUBFriendTableViewCell.m; sourceTree = "<group>"; };
		715F3D222BC42FE600F0DC79 /* CUBNoFriendModel.m */ = {isa = PBXFileReference; fileEncoding = 4; lastKnownFileType = sourcecode.c.objc; path = CUBNoFriendModel.m; sourceTree = "<group>"; };
		715F3D232BC42FE600F0DC79 /* CUBSearchModel.m */ = {isa = PBXFileReference; fileEncoding = 4; lastKnownFileType = sourcecode.c.objc; path = CUBSearchModel.m; sourceTree = "<group>"; };
		715F3D242BC42FE600F0DC79 /* CUBInviteModel.m */ = {isa = PBXFileReference; fileEncoding = 4; lastKnownFileType = sourcecode.c.objc; path = CUBInviteModel.m; sourceTree = "<group>"; };
		715F3D252BC42FE600F0DC79 /* CUBModelBaseClass.m */ = {isa = PBXFileReference; fileEncoding = 4; lastKnownFileType = sourcecode.c.objc; path = CUBModelBaseClass.m; sourceTree = "<group>"; };
		715F3D262BC42FE600F0DC79 /* CUBFriendModel.m */ = {isa = PBXFileReference; fileEncoding = 4; lastKnownFileType = sourcecode.c.objc; path = CUBFriendModel.m; sourceTree = "<group>"; };
		715F3D272BC42FE600F0DC79 /* CUBUserModel.m */ = {isa = PBXFileReference; fileEncoding = 4; lastKnownFileType = sourcecode.c.objc; path = CUBUserModel.m; sourceTree = "<group>"; };
		715F3D282BC42FE600F0DC79 /* CUBNoFriendModel.h */ = {isa = PBXFileReference; fileEncoding = 4; lastKnownFileType = sourcecode.c.h; path = CUBNoFriendModel.h; sourceTree = "<group>"; };
		715F3D292BC42FE600F0DC79 /* CUBSearchModel.h */ = {isa = PBXFileReference; fileEncoding = 4; lastKnownFileType = sourcecode.c.h; path = CUBSearchModel.h; sourceTree = "<group>"; };
		715F3D2A2BC42FE600F0DC79 /* CUBInviteModel.h */ = {isa = PBXFileReference; fileEncoding = 4; lastKnownFileType = sourcecode.c.h; path = CUBInviteModel.h; sourceTree = "<group>"; };
		715F3D2B2BC42FE600F0DC79 /* CUBUserModel.h */ = {isa = PBXFileReference; fileEncoding = 4; lastKnownFileType = sourcecode.c.h; path = CUBUserModel.h; sourceTree = "<group>"; };
		715F3D2C2BC42FE600F0DC79 /* CUBFriendModel.h */ = {isa = PBXFileReference; fileEncoding = 4; lastKnownFileType = sourcecode.c.h; path = CUBFriendModel.h; sourceTree = "<group>"; };
		715F3D2D2BC42FE600F0DC79 /* CUBModelBaseClass.h */ = {isa = PBXFileReference; fileEncoding = 4; lastKnownFileType = sourcecode.c.h; path = CUBModelBaseClass.h; sourceTree = "<group>"; };
		715F3D352BC434B200F0DC79 /* CUBFriendViewModel.h */ = {isa = PBXFileReference; lastKnownFileType = sourcecode.c.h; path = CUBFriendViewModel.h; sourceTree = "<group>"; };
		715F3D362BC434B200F0DC79 /* CUBFriendViewModel.m */ = {isa = PBXFileReference; lastKnownFileType = sourcecode.c.objc; path = CUBFriendViewModel.m; sourceTree = "<group>"; };
		715F3D392BC4384C00F0DC79 /* CUBFriendDataManager.h */ = {isa = PBXFileReference; fileEncoding = 4; lastKnownFileType = sourcecode.c.h; path = CUBFriendDataManager.h; sourceTree = "<group>"; };
		715F3D3A2BC4384C00F0DC79 /* CUBFriendDataManager.m */ = {isa = PBXFileReference; fileEncoding = 4; lastKnownFileType = sourcecode.c.objc; path = CUBFriendDataManager.m; sourceTree = "<group>"; };
		715F3D3D2BC43A4C00F0DC79 /* CUBApiClientCenter.m */ = {isa = PBXFileReference; fileEncoding = 4; lastKnownFileType = sourcecode.c.objc; path = CUBApiClientCenter.m; sourceTree = "<group>"; };
		715F3D3E2BC43A4C00F0DC79 /* CUBNetworking.m */ = {isa = PBXFileReference; fileEncoding = 4; lastKnownFileType = sourcecode.c.objc; path = CUBNetworking.m; sourceTree = "<group>"; };
		715F3D3F2BC43A4C00F0DC79 /* CUBApiClientCenter.h */ = {isa = PBXFileReference; fileEncoding = 4; lastKnownFileType = sourcecode.c.h; path = CUBApiClientCenter.h; sourceTree = "<group>"; };
		715F3D402BC43A4C00F0DC79 /* CUBNetworking.h */ = {isa = PBXFileReference; fileEncoding = 4; lastKnownFileType = sourcecode.c.h; path = CUBNetworking.h; sourceTree = "<group>"; };
		7184434F2BC8481200395501 /* CUBSegmentModel.h */ = {isa = PBXFileReference; lastKnownFileType = sourcecode.c.h; path = CUBSegmentModel.h; sourceTree = "<group>"; };
		718443502BC8481200395501 /* CUBSegmentModel.m */ = {isa = PBXFileReference; lastKnownFileType = sourcecode.c.objc; path = CUBSegmentModel.m; sourceTree = "<group>"; };
		718443522BC8487000395501 /* CUBSegmentTableViewCell.h */ = {isa = PBXFileReference; lastKnownFileType = sourcecode.c.h; path = CUBSegmentTableViewCell.h; sourceTree = "<group>"; };
		718443532BC8487000395501 /* CUBSegmentTableViewCell.m */ = {isa = PBXFileReference; lastKnownFileType = sourcecode.c.objc; path = CUBSegmentTableViewCell.m; sourceTree = "<group>"; };
		7C8F18ACADE6B5B8493CBF88 /* Pods-CVM.debug.xcconfig */ = {isa = PBXFileReference; includeInIndex = 1; lastKnownFileType = text.xcconfig; name = "Pods-CVM.debug.xcconfig"; path = "Target Support Files/Pods-CVM/Pods-CVM.debug.xcconfig"; sourceTree = "<group>"; };
		D6CAEDE7674EDD005B249363 /* Pods_CVM.framework */ = {isa = PBXFileReference; explicitFileType = wrapper.framework; includeInIndex = 0; path = Pods_CVM.framework; sourceTree = BUILT_PRODUCTS_DIR; };
/* End PBXFileReference section */

/* Begin PBXFrameworksBuildPhase section */
		71390B6A2BBC668B003DB608 /* Frameworks */ = {
			isa = PBXFrameworksBuildPhase;
			buildActionMask = 2147483647;
			files = (
				F9E17C5FB1A36DD86B7D7B81 /* Pods_CVM.framework in Frameworks */,
			);
			runOnlyForDeploymentPostprocessing = 0;
		};
/* End PBXFrameworksBuildPhase section */

/* Begin PBXGroup section */
		01BD92880BD2E78B32BB886C /* Frameworks */ = {
			isa = PBXGroup;
			children = (
				D6CAEDE7674EDD005B249363 /* Pods_CVM.framework */,
			);
			name = Frameworks;
			sourceTree = "<group>";
		};
		67E17B5D3F819992DE6A8636 /* Pods */ = {
			isa = PBXGroup;
			children = (
				7C8F18ACADE6B5B8493CBF88 /* Pods-CVM.debug.xcconfig */,
				65F61DC186C97505FA55E7F4 /* Pods-CVM.release.xcconfig */,
			);
			path = Pods;
			sourceTree = "<group>";
		};
		71390B642BBC668B003DB608 = {
			isa = PBXGroup;
			children = (
				71390B6F2BBC668B003DB608 /* CVM */,
				71390B6E2BBC668B003DB608 /* Products */,
				67E17B5D3F819992DE6A8636 /* Pods */,
				01BD92880BD2E78B32BB886C /* Frameworks */,
			);
			sourceTree = "<group>";
		};
		71390B6E2BBC668B003DB608 /* Products */ = {
			isa = PBXGroup;
			children = (
				71390B6D2BBC668B003DB608 /* CVM.app */,
			);
			name = Products;
			sourceTree = "<group>";
		};
		71390B6F2BBC668B003DB608 /* CVM */ = {
			isa = PBXGroup;
			children = (
				715F3D3C2BC43A4C00F0DC79 /* Utility */,
				715F3D382BC4384C00F0DC79 /* DataManager */,
				715F3D212BC42FE600F0DC79 /* Model */,
				715F3D0A2BC42E0800F0DC79 /* View */,
				715F3D342BC432B900F0DC79 /* ViewModel */,
				71390B702BBC668B003DB608 /* AppDelegate.h */,
				71390B712BBC668B003DB608 /* AppDelegate.m */,
				71390B732BBC668B003DB608 /* SceneDelegate.h */,
				71390B742BBC668B003DB608 /* SceneDelegate.m */,
				71390B792BBC668B003DB608 /* Main.storyboard */,
				71390B7C2BBC668C003DB608 /* Assets.xcassets */,
				71390B7E2BBC668C003DB608 /* LaunchScreen.storyboard */,
				71390B812BBC668C003DB608 /* Info.plist */,
				71390B822BBC668C003DB608 /* main.m */,
			);
			path = CVM;
			sourceTree = "<group>";
		};
		714C70DA2DDBB69D00BB9C8B /* Cell */ = {
			isa = PBXGroup;
			children = (
				715F3D182BC42E0800F0DC79 /* CUBTableViewCellProtocol.h */,
				715F3D0E2BC42E0800F0DC79 /* CUBTableViewCellBaseClass.h */,
				715F3D172BC42E0800F0DC79 /* CUBTableViewCellBaseClass.m */,
				715F3D0D2BC42E0800F0DC79 /* CUBNoFriendTableViewCell.h */,
				715F3D142BC42E0800F0DC79 /* CUBNoFriendTableViewCell.m */,
				715F3D112BC42E0800F0DC79 /* CUBFriendTableViewCell.h */,
				715F3D192BC42E0800F0DC79 /* CUBFriendTableViewCell.m */,
				715F3D132BC42E0800F0DC79 /* CUBInviteTableViewCell.h */,
				715F3D0B2BC42E0800F0DC79 /* CUBInviteTableViewCell.m */,
				715F3D152BC42E0800F0DC79 /* CUBUserTableViewCell.h */,
				715F3D102BC42E0800F0DC79 /* CUBUserTableViewCell.m */,
				715F3D162BC42E0800F0DC79 /* CUBSearchTableViewCell.h */,
				715F3D0F2BC42E0800F0DC79 /* CUBSearchTableViewCell.m */,
				718443522BC8487000395501 /* CUBSegmentTableViewCell.h */,
				718443532BC8487000395501 /* CUBSegmentTableViewCell.m */,
			);
			path = Cell;
			sourceTree = "<group>";
		};
		715F3D0A2BC42E0800F0DC79 /* View */ = {
			isa = PBXGroup;
			children = (
				715F3D122BC42E0800F0DC79 /* CUBFriendViewController.h */,
				715F3D0C2BC42E0800F0DC79 /* CUBFriendViewController.m */,
				714C70DA2DDBB69D00BB9C8B /* Cell */,
			);
			path = View;
			sourceTree = "<group>";
		};
		715F3D212BC42FE600F0DC79 /* Model */ = {
			isa = PBXGroup;
			children = (
				715F3D222BC42FE600F0DC79 /* CUBNoFriendModel.m */,
				715F3D232BC42FE600F0DC79 /* CUBSearchModel.m */,
				715F3D242BC42FE600F0DC79 /* CUBInviteModel.m */,
				715F3D252BC42FE600F0DC79 /* CUBModelBaseClass.m */,
				715F3D262BC42FE600F0DC79 /* CUBFriendModel.m */,
				715F3D272BC42FE600F0DC79 /* CUBUserModel.m */,
				715F3D282BC42FE600F0DC79 /* CUBNoFriendModel.h */,
				715F3D292BC42FE600F0DC79 /* CUBSearchModel.h */,
				715F3D2A2BC42FE600F0DC79 /* CUBInviteModel.h */,
				715F3D2B2BC42FE600F0DC79 /* CUBUserModel.h */,
				715F3D2C2BC42FE600F0DC79 /* CUBFriendModel.h */,
				715F3D2D2BC42FE600F0DC79 /* CUBModelBaseClass.h */,
				7184434F2BC8481200395501 /* CUBSegmentModel.h */,
				718443502BC8481200395501 /* CUBSegmentModel.m */,
			);
			path = Model;
			sourceTree = "<group>";
		};
		715F3D342BC432B900F0DC79 /* ViewModel */ = {
			isa = PBXGroup;
			children = (
				715F3D352BC434B200F0DC79 /* CUBFriendViewModel.h */,
				715F3D362BC434B200F0DC79 /* CUBFriendViewModel.m */,
			);
			path = ViewModel;
			sourceTree = "<group>";
		};
		715F3D382BC4384C00F0DC79 /* DataManager */ = {
			isa = PBXGroup;
			children = (
				715F3D392BC4384C00F0DC79 /* CUBFriendDataManager.h */,
				715F3D3A2BC4384C00F0DC79 /* CUBFriendDataManager.m */,
			);
			path = DataManager;
			sourceTree = "<group>";
		};
		715F3D3C2BC43A4C00F0DC79 /* Utility */ = {
			isa = PBXGroup;
			children = (
				715F3D3D2BC43A4C00F0DC79 /* CUBApiClientCenter.m */,
				715F3D3E2BC43A4C00F0DC79 /* CUBNetworking.m */,
				715F3D3F2BC43A4C00F0DC79 /* CUBApiClientCenter.h */,
				715F3D402BC43A4C00F0DC79 /* CUBNetworking.h */,
			);
			path = Utility;
			sourceTree = "<group>";
		};
/* End PBXGroup section */

/* Begin PBXNativeTarget section */
		71390B6C2BBC668B003DB608 /* CVM */ = {
			isa = PBXNativeTarget;
			buildConfigurationList = 71390B862BBC668C003DB608 /* Build configuration list for PBXNativeTarget "CVM" */;
			buildPhases = (
				D710A290123CC381EC66FF1F /* [CP] Check Pods Manifest.lock */,
				71390B692BBC668B003DB608 /* Sources */,
				71390B6A2BBC668B003DB608 /* Frameworks */,
				71390B6B2BBC668B003DB608 /* Resources */,
				99BF63385A3A7234DC61FE97 /* [CP] Embed Pods Frameworks */,
			);
			buildRules = (
			);
			dependencies = (
			);
			name = CVM;
			productName = CVM;
			productReference = 71390B6D2BBC668B003DB608 /* CVM.app */;
			productType = "com.apple.product-type.application";
		};
/* End PBXNativeTarget section */

/* Begin PBXProject section */
		71390B652BBC668B003DB608 /* Project object */ = {
			isa = PBXProject;
			attributes = {
				BuildIndependentTargetsInParallel = 1;
				LastUpgradeCheck = 1510;
				TargetAttributes = {
					71390B6C2BBC668B003DB608 = {
						CreatedOnToolsVersion = 15.1;
					};
				};
			};
			buildConfigurationList = 71390B682BBC668B003DB608 /* Build configuration list for PBXProject "CVM" */;
			compatibilityVersion = "Xcode 14.0";
			developmentRegion = en;
			hasScannedForEncodings = 0;
			knownRegions = (
				en,
				Base,
			);
			mainGroup = 71390B642BBC668B003DB608;
			productRefGroup = 71390B6E2BBC668B003DB608 /* Products */;
			projectDirPath = "";
			projectRoot = "";
			targets = (
				71390B6C2BBC668B003DB608 /* CVM */,
			);
		};
/* End PBXProject section */

/* Begin PBXResourcesBuildPhase section */
		71390B6B2BBC668B003DB608 /* Resources */ = {
			isa = PBXResourcesBuildPhase;
			buildActionMask = 2147483647;
			files = (
				71390B802BBC668C003DB608 /* LaunchScreen.storyboard in Resources */,
				71390B7D2BBC668C003DB608 /* Assets.xcassets in Resources */,
				71390B7B2BBC668B003DB608 /* Main.storyboard in Resources */,
			);
			runOnlyForDeploymentPostprocessing = 0;
		};
/* End PBXResourcesBuildPhase section */

/* Begin PBXShellScriptBuildPhase section */
		99BF63385A3A7234DC61FE97 /* [CP] Embed Pods Frameworks */ = {
			isa = PBXShellScriptBuildPhase;
			buildActionMask = 2147483647;
			files = (
			);
			inputFileListPaths = (
				"${PODS_ROOT}/Target Support Files/Pods-CVM/Pods-CVM-frameworks-${CONFIGURATION}-input-files.xcfilelist",
			);
			name = "[CP] Embed Pods Frameworks";
			outputFileListPaths = (
				"${PODS_ROOT}/Target Support Files/Pods-CVM/Pods-CVM-frameworks-${CONFIGURATION}-output-files.xcfilelist",
			);
			runOnlyForDeploymentPostprocessing = 0;
			shellPath = /bin/sh;
			shellScript = "\"${PODS_ROOT}/Target Support Files/Pods-CVM/Pods-CVM-frameworks.sh\"\n";
			showEnvVarsInLog = 0;
		};
		D710A290123CC381EC66FF1F /* [CP] Check Pods Manifest.lock */ = {
			isa = PBXShellScriptBuildPhase;
			buildActionMask = 2147483647;
			files = (
			);
			inputFileListPaths = (
			);
			inputPaths = (
				"${PODS_PODFILE_DIR_PATH}/Podfile.lock",
				"${PODS_ROOT}/Manifest.lock",
			);
			name = "[CP] Check Pods Manifest.lock";
			outputFileListPaths = (
			);
			outputPaths = (
				"$(DERIVED_FILE_DIR)/Pods-CVM-checkManifestLockResult.txt",
			);
			runOnlyForDeploymentPostprocessing = 0;
			shellPath = /bin/sh;
			shellScript = "diff \"${PODS_PODFILE_DIR_PATH}/Podfile.lock\" \"${PODS_ROOT}/Manifest.lock\" > /dev/null\nif [ $? != 0 ] ; then\n    # print error to STDERR\n    echo \"error: The sandbox is not in sync with the Podfile.lock. Run 'pod install' or update your CocoaPods installation.\" >&2\n    exit 1\nfi\n# This output is used by Xcode 'outputs' to avoid re-running this script phase.\necho \"SUCCESS\" > \"${SCRIPT_OUTPUT_FILE_0}\"\n";
			showEnvVarsInLog = 0;
		};
/* End PBXShellScriptBuildPhase section */

/* Begin PBXSourcesBuildPhase section */
		71390B692BBC668B003DB608 /* Sources */ = {
			isa = PBXSourcesBuildPhase;
			buildActionMask = 2147483647;
			files = (
				715F3D422BC43A4C00F0DC79 /* CUBNetworking.m in Sources */,
				715F3D332BC42FE600F0DC79 /* CUBUserModel.m in Sources */,
				715F3D312BC42FE600F0DC79 /* CUBModelBaseClass.m in Sources */,
				715F3D3B2BC4384C00F0DC79 /* CUBFriendDataManager.m in Sources */,
				715F3D2E2BC42FE600F0DC79 /* CUBNoFriendModel.m in Sources */,
				715F3D202BC42E0800F0DC79 /* CUBFriendTableViewCell.m in Sources */,
				715F3D302BC42FE600F0DC79 /* CUBInviteModel.m in Sources */,
				71390B722BBC668B003DB608 /* AppDelegate.m in Sources */,
				718443542BC8487000395501 /* CUBSegmentTableViewCell.m in Sources */,
				715F3D372BC434B200F0DC79 /* CUBFriendViewModel.m in Sources */,
				715F3D2F2BC42FE600F0DC79 /* CUBSearchModel.m in Sources */,
				71390B832BBC668C003DB608 /* main.m in Sources */,
				718443512BC8481200395501 /* CUBSegmentModel.m in Sources */,
				715F3D1E2BC42E0800F0DC79 /* CUBNoFriendTableViewCell.m in Sources */,
				715F3D1F2BC42E0800F0DC79 /* CUBTableViewCellBaseClass.m in Sources */,
				715F3D1C2BC42E0800F0DC79 /* CUBSearchTableViewCell.m in Sources */,
				715F3D1B2BC42E0800F0DC79 /* CUBFriendViewController.m in Sources */,
				715F3D1D2BC42E0800F0DC79 /* CUBUserTableViewCell.m in Sources */,
				715F3D412BC43A4C00F0DC79 /* CUBApiClientCenter.m in Sources */,
				715F3D1A2BC42E0800F0DC79 /* CUBInviteTableViewCell.m in Sources */,
				715F3D322BC42FE600F0DC79 /* CUBFriendModel.m in Sources */,
				71390B752BBC668B003DB608 /* SceneDelegate.m in Sources */,
			);
			runOnlyForDeploymentPostprocessing = 0;
		};
/* End PBXSourcesBuildPhase section */

/* Begin PBXVariantGroup section */
		71390B792BBC668B003DB608 /* Main.storyboard */ = {
			isa = PBXVariantGroup;
			children = (
				71390B7A2BBC668B003DB608 /* Base */,
			);
			name = Main.storyboard;
			sourceTree = "<group>";
		};
		71390B7E2BBC668C003DB608 /* LaunchScreen.storyboard */ = {
			isa = PBXVariantGroup;
			children = (
				71390B7F2BBC668C003DB608 /* Base */,
			);
			name = LaunchScreen.storyboard;
			sourceTree = "<group>";
		};
/* End PBXVariantGroup section */

/* Begin XCBuildConfiguration section */
		71390B842BBC668C003DB608 /* Debug */ = {
			isa = XCBuildConfiguration;
			buildSettings = {
				ALWAYS_SEARCH_USER_PATHS = NO;
				ASSETCATALOG_COMPILER_GENERATE_SWIFT_ASSET_SYMBOL_EXTENSIONS = YES;
				CLANG_ANALYZER_NONNULL = YES;
				CLANG_ANALYZER_NUMBER_OBJECT_CONVERSION = YES_AGGRESSIVE;
				CLANG_CXX_LANGUAGE_STANDARD = "gnu++20";
				CLANG_ENABLE_MODULES = YES;
				CLANG_ENABLE_OBJC_ARC = YES;
				CLANG_ENABLE_OBJC_WEAK = YES;
				CLANG_WARN_BLOCK_CAPTURE_AUTORELEASING = YES;
				CLANG_WARN_BOOL_CONVERSION = YES;
				CLANG_WARN_COMMA = YES;
				CLANG_WARN_CONSTANT_CONVERSION = YES;
				CLANG_WARN_DEPRECATED_OBJC_IMPLEMENTATIONS = YES;
				CLANG_WARN_DIRECT_OBJC_ISA_USAGE = YES_ERROR;
				CLANG_WARN_DOCUMENTATION_COMMENTS = YES;
				CLANG_WARN_EMPTY_BODY = YES;
				CLANG_WARN_ENUM_CONVERSION = YES;
				CLANG_WARN_INFINITE_RECURSION = YES;
				CLANG_WARN_INT_CONVERSION = YES;
				CLANG_WARN_NON_LITERAL_NULL_CONVERSION = YES;
				CLANG_WARN_OBJC_IMPLICIT_RETAIN_SELF = YES;
				CLANG_WARN_OBJC_LITERAL_CONVERSION = YES;
				CLANG_WARN_OBJC_ROOT_CLASS = YES_ERROR;
				CLANG_WARN_QUOTED_INCLUDE_IN_FRAMEWORK_HEADER = YES;
				CLANG_WARN_RANGE_LOOP_ANALYSIS = YES;
				CLANG_WARN_STRICT_PROTOTYPES = YES;
				CLANG_WARN_SUSPICIOUS_MOVE = YES;
				CLANG_WARN_UNGUARDED_AVAILABILITY = YES_AGGRESSIVE;
				CLANG_WARN_UNREACHABLE_CODE = YES;
				CLANG_WARN__DUPLICATE_METHOD_MATCH = YES;
				COPY_PHASE_STRIP = NO;
				DEBUG_INFORMATION_FORMAT = dwarf;
				ENABLE_STRICT_OBJC_MSGSEND = YES;
				ENABLE_TESTABILITY = YES;
				ENABLE_USER_SCRIPT_SANDBOXING = NO;
				GCC_C_LANGUAGE_STANDARD = gnu17;
				GCC_DYNAMIC_NO_PIC = NO;
				GCC_NO_COMMON_BLOCKS = YES;
				GCC_OPTIMIZATION_LEVEL = 0;
				GCC_PREPROCESSOR_DEFINITIONS = (
					"DEBUG=1",
					"$(inherited)",
				);
				GCC_WARN_64_TO_32_BIT_CONVERSION = YES;
				GCC_WARN_ABOUT_RETURN_TYPE = YES_ERROR;
				GCC_WARN_UNDECLARED_SELECTOR = YES;
				GCC_WARN_UNINITIALIZED_AUTOS = YES_AGGRESSIVE;
				GCC_WARN_UNUSED_FUNCTION = YES;
				GCC_WARN_UNUSED_VARIABLE = YES;
				IPHONEOS_DEPLOYMENT_TARGET = 17.2;
				LOCALIZATION_PREFERS_STRING_CATALOGS = YES;
				MTL_ENABLE_DEBUG_INFO = INCLUDE_SOURCE;
				MTL_FAST_MATH = YES;
				ONLY_ACTIVE_ARCH = YES;
				SDKROOT = iphoneos;
			};
			name = Debug;
		};
		71390B852BBC668C003DB608 /* Release */ = {
			isa = XCBuildConfiguration;
			buildSettings = {
				ALWAYS_SEARCH_USER_PATHS = NO;
				ASSETCATALOG_COMPILER_GENERATE_SWIFT_ASSET_SYMBOL_EXTENSIONS = YES;
				CLANG_ANALYZER_NONNULL = YES;
				CLANG_ANALYZER_NUMBER_OBJECT_CONVERSION = YES_AGGRESSIVE;
				CLANG_CXX_LANGUAGE_STANDARD = "gnu++20";
				CLANG_ENABLE_MODULES = YES;
				CLANG_ENABLE_OBJC_ARC = YES;
				CLANG_ENABLE_OBJC_WEAK = YES;
				CLANG_WARN_BLOCK_CAPTURE_AUTORELEASING = YES;
				CLANG_WARN_BOOL_CONVERSION = YES;
				CLANG_WARN_COMMA = YES;
				CLANG_WARN_CONSTANT_CONVERSION = YES;
				CLANG_WARN_DEPRECATED_OBJC_IMPLEMENTATIONS = YES;
				CLANG_WARN_DIRECT_OBJC_ISA_USAGE = YES_ERROR;
				CLANG_WARN_DOCUMENTATION_COMMENTS = YES;
				CLANG_WARN_EMPTY_BODY = YES;
				CLANG_WARN_ENUM_CONVERSION = YES;
				CLANG_WARN_INFINITE_RECURSION = YES;
				CLANG_WARN_INT_CONVERSION = YES;
				CLANG_WARN_NON_LITERAL_NULL_CONVERSION = YES;
				CLANG_WARN_OBJC_IMPLICIT_RETAIN_SELF = YES;
				CLANG_WARN_OBJC_LITERAL_CONVERSION = YES;
				CLANG_WARN_OBJC_ROOT_CLASS = YES_ERROR;
				CLANG_WARN_QUOTED_INCLUDE_IN_FRAMEWORK_HEADER = YES;
				CLANG_WARN_RANGE_LOOP_ANALYSIS = YES;
				CLANG_WARN_STRICT_PROTOTYPES = YES;
				CLANG_WARN_SUSPICIOUS_MOVE = YES;
				CLANG_WARN_UNGUARDED_AVAILABILITY = YES_AGGRESSIVE;
				CLANG_WARN_UNREACHABLE_CODE = YES;
				CLANG_WARN__DUPLICATE_METHOD_MATCH = YES;
				COPY_PHASE_STRIP = NO;
				DEBUG_INFORMATION_FORMAT = "dwarf-with-dsym";
				ENABLE_NS_ASSERTIONS = NO;
				ENABLE_STRICT_OBJC_MSGSEND = YES;
				ENABLE_USER_SCRIPT_SANDBOXING = NO;
				GCC_C_LANGUAGE_STANDARD = gnu17;
				GCC_NO_COMMON_BLOCKS = YES;
				GCC_WARN_64_TO_32_BIT_CONVERSION = YES;
				GCC_WARN_ABOUT_RETURN_TYPE = YES_ERROR;
				GCC_WARN_UNDECLARED_SELECTOR = YES;
				GCC_WARN_UNINITIALIZED_AUTOS = YES_AGGRESSIVE;
				GCC_WARN_UNUSED_FUNCTION = YES;
				GCC_WARN_UNUSED_VARIABLE = YES;
				IPHONEOS_DEPLOYMENT_TARGET = 17.2;
				LOCALIZATION_PREFERS_STRING_CATALOGS = YES;
				MTL_ENABLE_DEBUG_INFO = NO;
				MTL_FAST_MATH = YES;
				SDKROOT = iphoneos;
				VALIDATE_PRODUCT = YES;
			};
			name = Release;
		};
		71390B872BBC668C003DB608 /* Debug */ = {
			isa = XCBuildConfiguration;
			baseConfigurationReference = 7C8F18ACADE6B5B8493CBF88 /* Pods-CVM.debug.xcconfig */;
			buildSettings = {
				ASSETCATALOG_COMPILER_APPICON_NAME = AppIcon;
				ASSETCATALOG_COMPILER_GLOBAL_ACCENT_COLOR_NAME = AccentColor;
				CODE_SIGN_STYLE = Automatic;
				CURRENT_PROJECT_VERSION = 1;
				GENERATE_INFOPLIST_FILE = YES;
				INFOPLIST_FILE = CVM/Info.plist;
				INFOPLIST_KEY_UIApplicationSupportsIndirectInputEvents = YES;
				INFOPLIST_KEY_UILaunchStoryboardName = LaunchScreen;
				INFOPLIST_KEY_UIMainStoryboardFile = Main;
				INFOPLIST_KEY_UISupportedInterfaceOrientations_iPad = "UIInterfaceOrientationPortrait UIInterfaceOrientationPortraitUpsideDown UIInterfaceOrientationLandscapeLeft UIInterfaceOrientationLandscapeRight";
				INFOPLIST_KEY_UISupportedInterfaceOrientations_iPhone = "UIInterfaceOrientationPortrait UIInterfaceOrientationLandscapeLeft UIInterfaceOrientationLandscapeRight";
				IPHONEOS_DEPLOYMENT_TARGET = 17.2;
				LD_RUNPATH_SEARCH_PATHS = (
					"$(inherited)",
					"@executable_path/Frameworks",
				);
				MARKETING_VERSION = 1.0;
				PRODUCT_BUNDLE_IDENTIFIER = com.okami3363.CVM;
				PRODUCT_NAME = "$(TARGET_NAME)";
				SWIFT_EMIT_LOC_STRINGS = YES;
				TARGETED_DEVICE_FAMILY = "1,2";
			};
			name = Debug;
		};
		71390B882BBC668C003DB608 /* Release */ = {
			isa = XCBuildConfiguration;
			baseConfigurationReference = 65F61DC186C97505FA55E7F4 /* Pods-CVM.release.xcconfig */;
			buildSettings = {
				ASSETCATALOG_COMPILER_APPICON_NAME = AppIcon;
				ASSETCATALOG_COMPILER_GLOBAL_ACCENT_COLOR_NAME = AccentColor;
				CODE_SIGN_STYLE = Automatic;
				CURRENT_PROJECT_VERSION = 1;
				GENERATE_INFOPLIST_FILE = YES;
				INFOPLIST_FILE = CVM/Info.plist;
				INFOPLIST_KEY_UIApplicationSupportsIndirectInputEvents = YES;
				INFOPLIST_KEY_UILaunchStoryboardName = LaunchScreen;
				INFOPLIST_KEY_UIMainStoryboardFile = Main;
				INFOPLIST_KEY_UISupportedInterfaceOrientations_iPad = "UIInterfaceOrientationPortrait UIInterfaceOrientationPortraitUpsideDown UIInterfaceOrientationLandscapeLeft UIInterfaceOrientationLandscapeRight";
				INFOPLIST_KEY_UISupportedInterfaceOrientations_iPhone = "UIInterfaceOrientationPortrait UIInterfaceOrientationLandscapeLeft UIInterfaceOrientationLandscapeRight";
				IPHONEOS_DEPLOYMENT_TARGET = 17.2;
				LD_RUNPATH_SEARCH_PATHS = (
					"$(inherited)",
					"@executable_path/Frameworks",
				);
				MARKETING_VERSION = 1.0;
				PRODUCT_BUNDLE_IDENTIFIER = com.okami3363.CVM;
				PRODUCT_NAME = "$(TARGET_NAME)";
				SWIFT_EMIT_LOC_STRINGS = YES;
				TARGETED_DEVICE_FAMILY = "1,2";
			};
			name = Release;
		};
/* End XCBuildConfiguration section */

/* Begin XCConfigurationList section */
		71390B682BBC668B003DB608 /* Build configuration list for PBXProject "CVM" */ = {
			isa = XCConfigurationList;
			buildConfigurations = (
				71390B842BBC668C003DB608 /* Debug */,
				71390B852BBC668C003DB608 /* Release */,
			);
			defaultConfigurationIsVisible = 0;
			defaultConfigurationName = Release;
		};
		71390B862BBC668C003DB608 /* Build configuration list for PBXNativeTarget "CVM" */ = {
			isa = XCConfigurationList;
			buildConfigurations = (
				71390B872BBC668C003DB608 /* Debug */,
				71390B882BBC668C003DB608 /* Release */,
			);
			defaultConfigurationIsVisible = 0;
			defaultConfigurationName = Release;
		};
/* End XCConfigurationList section */
	};
	rootObject = 71390B652BBC668B003DB608 /* Project object */;
}
