// !$*UTF8*$!
{
	archiveVersion = 1;
	classes = {
	};
	objectVersion = 56;
	objects = {

/* Begin PBXBuildFile section */
		71390B722BBC668B003DB608 /* AppDelegate.m in Sources */ = {isa = PBXBuildFile; fileRef = 71390B712BBC668B003DB608 /* AppDelegate.m */; };
		71390B752BBC668B003DB608 /* SceneDelegate.m in Sources */ = {isa = PBXBuildFile; fileRef = 71390B742BBC668B003DB608 /* SceneDelegate.m */; };
		71390B782BBC668B003DB608 /* ViewController.m in Sources */ = {isa = PBXBuildFile; fileRef = 71390B772BBC668B003DB608 /* ViewController.m */; };
		71390B7B2BBC668B003DB608 /* Main.storyboard in Resources */ = {isa = PBXBuildFile; fileRef = 71390B792BBC668B003DB608 /* Main.storyboard */; };
		71390B7D2BBC668C003DB608 /* Assets.xcassets in Resources */ = {isa = PBXBuildFile; fileRef = 71390B7C2BBC668C003DB608 /* Assets.xcassets */; };
		71390B802BBC668C003DB608 /* LaunchScreen.storyboard in Resources */ = {isa = PBXBuildFile; fileRef = 71390B7E2BBC668C003DB608 /* LaunchScreen.storyboard */; };
		71390B832BBC668C003DB608 /* main.m in Sources */ = {isa = PBXBuildFile; fileRef = 71390B822BBC668C003DB608 /* main.m */; };
		F9E17C5FB1A36DD86B7D7B81 /* Pods_CVM.framework in Frameworks */ = {isa = PBXBuildFile; fileRef = D6CAEDE7674EDD005B249363 /* Pods_CVM.framework */; };
/* End PBXBuildFile section */

/* Begin PBXFileReference section */
		65F61DC186C97505FA55E7F4 /* Pods-CVM.release.xcconfig */ = {isa = PBXFileReference; includeInIndex = 1; lastKnownFileType = text.xcconfig; name = "Pods-CVM.release.xcconfig"; path = "Target Support Files/Pods-CVM/Pods-CVM.release.xcconfig"; sourceTree = "<group>"; };
		71390B6D2BBC668B003DB608 /* CVM.app */ = {isa = PBXFileReference; explicitFileType = wrapper.application; includeInIndex = 0; path = CVM.app; sourceTree = BUILT_PRODUCTS_DIR; };
		71390B702BBC668B003DB608 /* AppDelegate.h */ = {isa = PBXFileReference; lastKnownFileType = sourcecode.c.h; path = AppDelegate.h; sourceTree = "<group>"; };
		71390B712BBC668B003DB608 /* AppDelegate.m */ = {isa = PBXFileReference; lastKnownFileType = sourcecode.c.objc; path = AppDelegate.m; sourceTree = "<group>"; };
		71390B732BBC668B003DB608 /* SceneDelegate.h */ = {isa = PBXFileReference; lastKnownFileType = sourcecode.c.h; path = SceneDelegate.h; sourceTree = "<group>"; };
		71390B742BBC668B003DB608 /* SceneDelegate.m */ = {isa = PBXFileReference; lastKnownFileType = sourcecode.c.objc; path = SceneDelegate.m; sourceTree = "<group>"; };
		71390B762BBC668B003DB608 /* ViewController.h */ = {isa = PBXFileReference; lastKnownFileType = sourcecode.c.h; path = ViewController.h; sourceTree = "<group>"; };
		71390B772BBC668B003DB608 /* ViewController.m */ = {isa = PBXFileReference; lastKnownFileType = sourcecode.c.objc; path = ViewController.m; sourceTree = "<group>"; };
		71390B7A2BBC668B003DB608 /* Base */ = {isa = PBXFileReference; lastKnownFileType = file.storyboard; name = Base; path = Base.lproj/Main.storyboard; sourceTree = "<group>"; };
		71390B7C2BBC668C003DB608 /* Assets.xcassets */ = {isa = PBXFileReference; lastKnownFileType = folder.assetcatalog; path = Assets.xcassets; sourceTree = "<group>"; };
		71390B7F2BBC668C003DB608 /* Base */ = {isa = PBXFileReference; lastKnownFileType = file.storyboard; name = Base; path = Base.lproj/LaunchScreen.storyboard; sourceTree = "<group>"; };
		71390B812BBC668C003DB608 /* Info.plist */ = {isa = PBXFileReference; lastKnownFileType = text.plist.xml; path = Info.plist; sourceTree = "<group>"; };
		71390B822BBC668C003DB608 /* main.m */ = {isa = PBXFileReference; lastKnownFileType = sourcecode.c.objc; path = main.m; sourceTree = "<group>"; };
		7C8F18ACADE6B5B8493CBF88 /* Pods-CVM.debug.xcconfig */ = {isa = PBXFileReference; includeInIndex = 1; lastKnownFileType = text.xcconfig; name = "Pods-CVM.debug.xcconfig"; path = "Target Support Files/Pods-CVM/Pods-CVM.debug.xcconfig"; sourceTree = "<group>"; };
		D6CAEDE7674EDD005B249363 /* Pods_CVM.framework */ = {isa = PBXFileReference; explicitFileType = wrapper.framework; includeInIndex = 0; path = Pods_CVM.framework; sourceTree = BUILT_PRODUCTS_DIR; };
/* End PBXFileReference section */

/* Begin PBXFrameworksBuildPhase section */
		71390B6A2BBC668B003DB608 /* Frameworks */ = {
			isa = PBXFrameworksBuildPhase;
			buildActionMask = 2147483647;
			files = (
				F9E17C5FB1A36DD86B7D7B81 /* Pods_CVM.framework in Frameworks */,
			);
			runOnlyForDeploymentPostprocessing = 0;
		};
/* End PBXFrameworksBuildPhase section */

/* Begin PBXGroup section */
		01BD92880BD2E78B32BB886C /* Frameworks */ = {
			isa = PBXGroup;
			children = (
				D6CAEDE7674EDD005B249363 /* Pods_CVM.framework */,
			);
			name = Frameworks;
			sourceTree = "<group>";
		};
		67E17B5D3F819992DE6A8636 /* Pods */ = {
			isa = PBXGroup;
			children = (
				7C8F18ACADE6B5B8493CBF88 /* Pods-CVM.debug.xcconfig */,
				65F61DC186C97505FA55E7F4 /* Pods-CVM.release.xcconfig */,
			);
			path = Pods;
			sourceTree = "<group>";
		};
		71390B642BBC668B003DB608 = {
			isa = PBXGroup;
			children = (
				71390B6F2BBC668B003DB608 /* CVM */,
				71390B6E2BBC668B003DB608 /* Products */,
				67E17B5D3F819992DE6A8636 /* Pods */,
				01BD92880BD2E78B32BB886C /* Frameworks */,
			);
			sourceTree = "<group>";
		};
		71390B6E2BBC668B003DB608 /* Products */ = {
			isa = PBXGroup;
			children = (
				71390B6D2BBC668B003DB608 /* CVM.app */,
			);
			name = Products;
			sourceTree = "<group>";
		};
		71390B6F2BBC668B003DB608 /* CVM */ = {
			isa = PBXGroup;
			children = (
				71390B702BBC668B003DB608 /* AppDelegate.h */,
				71390B712BBC668B003DB608 /* AppDelegate.m */,
				71390B732BBC668B003DB608 /* SceneDelegate.h */,
				71390B742BBC668B003DB608 /* SceneDelegate.m */,
				71390B762BBC668B003DB608 /* ViewController.h */,
				71390B772BBC668B003DB608 /* ViewController.m */,
				71390B792BBC668B003DB608 /* Main.storyboard */,
				71390B7C2BBC668C003DB608 /* Assets.xcassets */,
				71390B7E2BBC668C003DB608 /* LaunchScreen.storyboard */,
				71390B812BBC668C003DB608 /* Info.plist */,
				71390B822BBC668C003DB608 /* main.m */,
			);
			path = CVM;
			sourceTree = "<group>";
		};
/* End PBXGroup section */

/* Begin PBXNativeTarget section */
		71390B6C2BBC668B003DB608 /* CVM */ = {
			isa = PBXNativeTarget;
			buildConfigurationList = 71390B862BBC668C003DB608 /* Build configuration list for PBXNativeTarget "CVM" */;
			buildPhases = (
				D710A290123CC381EC66FF1F /* [CP] Check Pods Manifest.lock */,
				71390B692BBC668B003DB608 /* Sources */,
				71390B6A2BBC668B003DB608 /* Frameworks */,
				71390B6B2BBC668B003DB608 /* Resources */,
				99BF63385A3A7234DC61FE97 /* [CP] Embed Pods Frameworks */,
			);
			buildRules = (
			);
			dependencies = (
			);
			name = CVM;
			productName = CVM;
			productReference = 71390B6D2BBC668B003DB608 /* CVM.app */;
			productType = "com.apple.product-type.application";
		};
/* End PBXNativeTarget section */

/* Begin PBXProject section */
		71390B652BBC668B003DB608 /* Project object */ = {
			isa = PBXProject;
			attributes = {
				BuildIndependentTargetsInParallel = 1;
				LastUpgradeCheck = 1510;
				TargetAttributes = {
					71390B6C2BBC668B003DB608 = {
						CreatedOnToolsVersion = 15.1;
					};
				};
			};
			buildConfigurationList = 71390B682BBC668B003DB608 /* Build configuration list for PBXProject "CVM" */;
			compatibilityVersion = "Xcode 14.0";
			developmentRegion = en;
			hasScannedForEncodings = 0;
			knownRegions = (
				en,
				Base,
			);
			mainGroup = 71390B642BBC668B003DB608;
			productRefGroup = 71390B6E2BBC668B003DB608 /* Products */;
			projectDirPath = "";
			projectRoot = "";
			targets = (
				71390B6C2BBC668B003DB608 /* CVM */,
			);
		};
/* End PBXProject section */

/* Begin PBXResourcesBuildPhase section */
		71390B6B2BBC668B003DB608 /* Resources */ = {
			isa = PBXResourcesBuildPhase;
			buildActionMask = 2147483647;
			files = (
				71390B802BBC668C003DB608 /* LaunchScreen.storyboard in Resources */,
				71390B7D2BBC668C003DB608 /* Assets.xcassets in Resources */,
				71390B7B2BBC668B003DB608 /* Main.storyboard in Resources */,
			);
			runOnlyForDeploymentPostprocessing = 0;
		};
/* End PBXResourcesBuildPhase section */

/* Begin PBXShellScriptBuildPhase section */
		99BF63385A3A7234DC61FE97 /* [CP] Embed Pods Frameworks */ = {
			isa = PBXShellScriptBuildPhase;
			buildActionMask = 2147483647;
			files = (
			);
			inputFileListPaths = (
				"${PODS_ROOT}/Target Support Files/Pods-CVM/Pods-CVM-frameworks-${CONFIGURATION}-input-files.xcfilelist",
			);
			name = "[CP] Embed Pods Frameworks";
			outputFileListPaths = (
				"${PODS_ROOT}/Target Support Files/Pods-CVM/Pods-CVM-frameworks-${CONFIGURATION}-output-files.xcfilelist",
			);
			runOnlyForDeploymentPostprocessing = 0;
			shellPath = /bin/sh;
			shellScript = "\"${PODS_ROOT}/Target Support Files/Pods-CVM/Pods-CVM-frameworks.sh\"\n";
			showEnvVarsInLog = 0;
		};
		D710A290123CC381EC66FF1F /* [CP] Check Pods Manifest.lock */ = {
			isa = PBXShellScriptBuildPhase;
			buildActionMask = 2147483647;
			files = (
			);
			inputFileListPaths = (
			);
			inputPaths = (
				"${PODS_PODFILE_DIR_PATH}/Podfile.lock",
				"${PODS_ROOT}/Manifest.lock",
			);
			name = "[CP] Check Pods Manifest.lock";
			outputFileListPaths = (
			);
			outputPaths = (
				"$(DERIVED_FILE_DIR)/Pods-CVM-checkManifestLockResult.txt",
			);
			runOnlyForDeploymentPostprocessing = 0;
			shellPath = /bin/sh;
			shellScript = "diff \"${PODS_PODFILE_DIR_PATH}/Podfile.lock\" \"${PODS_ROOT}/Manifest.lock\" > /dev/null\nif [ $? != 0 ] ; then\n    # print error to STDERR\n    echo \"error: The sandbox is not in sync with the Podfile.lock. Run 'pod install' or update your CocoaPods installation.\" >&2\n    exit 1\nfi\n# This output is used by Xcode 'outputs' to avoid re-running this script phase.\necho \"SUCCESS\" > \"${SCRIPT_OUTPUT_FILE_0}\"\n";
			showEnvVarsInLog = 0;
		};
/* End PBXShellScriptBuildPhase section */

/* Begin PBXSourcesBuildPhase section */
		71390B692BBC668B003DB608 /* Sources */ = {
			isa = PBXSourcesBuildPhase;
			buildActionMask = 2147483647;
			files = (
				71390B782BBC668B003DB608 /* ViewController.m in Sources */,
				71390B722BBC668B003DB608 /* AppDelegate.m in Sources */,
				71390B832BBC668C003DB608 /* main.m in Sources */,
				71390B752BBC668B003DB608 /* SceneDelegate.m in Sources */,
			);
			runOnlyForDeploymentPostprocessing = 0;
		};
/* End PBXSourcesBuildPhase section */

/* Begin PBXVariantGroup section */
		71390B792BBC668B003DB608 /* Main.storyboard */ = {
			isa = PBXVariantGroup;
			children = (
				71390B7A2BBC668B003DB608 /* Base */,
			);
			name = Main.storyboard;
			sourceTree = "<group>";
		};
		71390B7E2BBC668C003DB608 /* LaunchScreen.storyboard */ = {
			isa = PBXVariantGroup;
			children = (
				71390B7F2BBC668C003DB608 /* Base */,
			);
			name = LaunchScreen.storyboard;
			sourceTree = "<group>";
		};
/* End PBXVariantGroup section */

/* Begin XCBuildConfiguration section */
		71390B842BBC668C003DB608 /* Debug */ = {
			isa = XCBuildConfiguration;
			buildSettings = {
				ALWAYS_SEARCH_USER_PATHS = NO;
				ASSETCATALOG_COMPILER_GENERATE_SWIFT_ASSET_SYMBOL_EXTENSIONS = YES;
				CLANG_ANALYZER_NONNULL = YES;
				CLANG_ANALYZER_NUMBER_OBJECT_CONVERSION = YES_AGGRESSIVE;
				CLANG_CXX_LANGUAGE_STANDARD = "gnu++20";
				CLANG_ENABLE_MODULES = YES;
				CLANG_ENABLE_OBJC_ARC = YES;
				CLANG_ENABLE_OBJC_WEAK = YES;
				CLANG_WARN_BLOCK_CAPTURE_AUTORELEASING = YES;
				CLANG_WARN_BOOL_CONVERSION = YES;
				CLANG_WARN_COMMA = YES;
				CLANG_WARN_CONSTANT_CONVERSION = YES;
				CLANG_WARN_DEPRECATED_OBJC_IMPLEMENTATIONS = YES;
				CLANG_WARN_DIRECT_OBJC_ISA_USAGE = YES_ERROR;
				CLANG_WARN_DOCUMENTATION_COMMENTS = YES;
				CLANG_WARN_EMPTY_BODY = YES;
				CLANG_WARN_ENUM_CONVERSION = YES;
				CLANG_WARN_INFINITE_RECURSION = YES;
				CLANG_WARN_INT_CONVERSION = YES;
				CLANG_WARN_NON_LITERAL_NULL_CONVERSION = YES;
				CLANG_WARN_OBJC_IMPLICIT_RETAIN_SELF = YES;
				CLANG_WARN_OBJC_LITERAL_CONVERSION = YES;
				CLANG_WARN_OBJC_ROOT_CLASS = YES_ERROR;
				CLANG_WARN_QUOTED_INCLUDE_IN_FRAMEWORK_HEADER = YES;
				CLANG_WARN_RANGE_LOOP_ANALYSIS = YES;
				CLANG_WARN_STRICT_PROTOTYPES = YES;
				CLANG_WARN_SUSPICIOUS_MOVE = YES;
				CLANG_WARN_UNGUARDED_AVAILABILITY = YES_AGGRESSIVE;
				CLANG_WARN_UNREACHABLE_CODE = YES;
				CLANG_WARN__DUPLICATE_METHOD_MATCH = YES;
				COPY_PHASE_STRIP = NO;
				DEBUG_INFORMATION_FORMAT = dwarf;
				ENABLE_STRICT_OBJC_MSGSEND = YES;
				ENABLE_TESTABILITY = YES;
				ENABLE_USER_SCRIPT_SANDBOXING = NO;
				GCC_C_LANGUAGE_STANDARD = gnu17;
				GCC_DYNAMIC_NO_PIC = NO;
				GCC_NO_COMMON_BLOCKS = YES;
				GCC_OPTIMIZATION_LEVEL = 0;
				GCC_PREPROCESSOR_DEFINITIONS = (
					"DEBUG=1",
					"$(inherited)",
				);
				GCC_WARN_64_TO_32_BIT_CONVERSION = YES;
				GCC_WARN_ABOUT_RETURN_TYPE = YES_ERROR;
				GCC_WARN_UNDECLARED_SELECTOR = YES;
				GCC_WARN_UNINITIALIZED_AUTOS = YES_AGGRESSIVE;
				GCC_WARN_UNUSED_FUNCTION = YES;
				GCC_WARN_UNUSED_VARIABLE = YES;
				IPHONEOS_DEPLOYMENT_TARGET = 17.2;
				LOCALIZATION_PREFERS_STRING_CATALOGS = YES;
				MTL_ENABLE_DEBUG_INFO = INCLUDE_SOURCE;
				MTL_FAST_MATH = YES;
				ONLY_ACTIVE_ARCH = YES;
				SDKROOT = iphoneos;
			};
			name = Debug;
		};
		71390B852BBC668C003DB608 /* Release */ = {
			isa = XCBuildConfiguration;
			buildSettings = {
				ALWAYS_SEARCH_USER_PATHS = NO;
				ASSETCATALOG_COMPILER_GENERATE_SWIFT_ASSET_SYMBOL_EXTENSIONS = YES;
				CLANG_ANALYZER_NONNULL = YES;
				CLANG_ANALYZER_NUMBER_OBJECT_CONVERSION = YES_AGGRESSIVE;
				CLANG_CXX_LANGUAGE_STANDARD = "gnu++20";
				CLANG_ENABLE_MODULES = YES;
				CLANG_ENABLE_OBJC_ARC = YES;
				CLANG_ENABLE_OBJC_WEAK = YES;
				CLANG_WARN_BLOCK_CAPTURE_AUTORELEASING = YES;
				CLANG_WARN_BOOL_CONVERSION = YES;
				CLANG_WARN_COMMA = YES;
				CLANG_WARN_CONSTANT_CONVERSION = YES;
				CLANG_WARN_DEPRECATED_OBJC_IMPLEMENTATIONS = YES;
				CLANG_WARN_DIRECT_OBJC_ISA_USAGE = YES_ERROR;
				CLANG_WARN_DOCUMENTATION_COMMENTS = YES;
				CLANG_WARN_EMPTY_BODY = YES;
				CLANG_WARN_ENUM_CONVERSION = YES;
				CLANG_WARN_INFINITE_RECURSION = YES;
				CLANG_WARN_INT_CONVERSION = YES;
				CLANG_WARN_NON_LITERAL_NULL_CONVERSION = YES;
				CLANG_WARN_OBJC_IMPLICIT_RETAIN_SELF = YES;
				CLANG_WARN_OBJC_LITERAL_CONVERSION = YES;
				CLANG_WARN_OBJC_ROOT_CLASS = YES_ERROR;
				CLANG_WARN_QUOTED_INCLUDE_IN_FRAMEWORK_HEADER = YES;
				CLANG_WARN_RANGE_LOOP_ANALYSIS = YES;
				CLANG_WARN_STRICT_PROTOTYPES = YES;
				CLANG_WARN_SUSPICIOUS_MOVE = YES;
				CLANG_WARN_UNGUARDED_AVAILABILITY = YES_AGGRESSIVE;
				CLANG_WARN_UNREACHABLE_CODE = YES;
				CLANG_WARN__DUPLICATE_METHOD_MATCH = YES;
				COPY_PHASE_STRIP = NO;
				DEBUG_INFORMATION_FORMAT = "dwarf-with-dsym";
				ENABLE_NS_ASSERTIONS = NO;
				ENABLE_STRICT_OBJC_MSGSEND = YES;
				ENABLE_USER_SCRIPT_SANDBOXING = NO;
				GCC_C_LANGUAGE_STANDARD = gnu17;
				GCC_NO_COMMON_BLOCKS = YES;
				GCC_WARN_64_TO_32_BIT_CONVERSION = YES;
				GCC_WARN_ABOUT_RETURN_TYPE = YES_ERROR;
				GCC_WARN_UNDECLARED_SELECTOR = YES;
				GCC_WARN_UNINITIALIZED_AUTOS = YES_AGGRESSIVE;
				GCC_WARN_UNUSED_FUNCTION = YES;
				GCC_WARN_UNUSED_VARIABLE = YES;
				IPHONEOS_DEPLOYMENT_TARGET = 17.2;
				LOCALIZATION_PREFERS_STRING_CATALOGS = YES;
				MTL_ENABLE_DEBUG_INFO = NO;
				MTL_FAST_MATH = YES;
				SDKROOT = iphoneos;
				VALIDATE_PRODUCT = YES;
			};
			name = Release;
		};
		71390B872BBC668C003DB608 /* Debug */ = {
			isa = XCBuildConfiguration;
			baseConfigurationReference = 7C8F18ACADE6B5B8493CBF88 /* Pods-CVM.debug.xcconfig */;
			buildSettings = {
				ASSETCATALOG_COMPILER_APPICON_NAME = AppIcon;
				ASSETCATALOG_COMPILER_GLOBAL_ACCENT_COLOR_NAME = AccentColor;
				CODE_SIGN_STYLE = Automatic;
				CURRENT_PROJECT_VERSION = 1;
				GENERATE_INFOPLIST_FILE = YES;
				INFOPLIST_FILE = CVM/Info.plist;
				INFOPLIST_KEY_UIApplicationSupportsIndirectInputEvents = YES;
				INFOPLIST_KEY_UILaunchStoryboardName = LaunchScreen;
				INFOPLIST_KEY_UIMainStoryboardFile = Main;
				INFOPLIST_KEY_UISupportedInterfaceOrientations_iPad = "UIInterfaceOrientationPortrait UIInterfaceOrientationPortraitUpsideDown UIInterfaceOrientationLandscapeLeft UIInterfaceOrientationLandscapeRight";
				INFOPLIST_KEY_UISupportedInterfaceOrientations_iPhone = "UIInterfaceOrientationPortrait UIInterfaceOrientationLandscapeLeft UIInterfaceOrientationLandscapeRight";
				IPHONEOS_DEPLOYMENT_TARGET = 17.2;
				LD_RUNPATH_SEARCH_PATHS = (
					"$(inherited)",
					"@executable_path/Frameworks",
				);
				MARKETING_VERSION = 1.0;
				PRODUCT_BUNDLE_IDENTIFIER = com.okami3363.CVM;
				PRODUCT_NAME = "$(TARGET_NAME)";
				SWIFT_EMIT_LOC_STRINGS = YES;
				TARGETED_DEVICE_FAMILY = "1,2";
			};
			name = Debug;
		};
		71390B882BBC668C003DB608 /* Release */ = {
			isa = XCBuildConfiguration;
			baseConfigurationReference = 65F61DC186C97505FA55E7F4 /* Pods-CVM.release.xcconfig */;
			buildSettings = {
				ASSETCATALOG_COMPILER_APPICON_NAME = AppIcon;
				ASSETCATALOG_COMPILER_GLOBAL_ACCENT_COLOR_NAME = AccentColor;
				CODE_SIGN_STYLE = Automatic;
				CURRENT_PROJECT_VERSION = 1;
				GENERATE_INFOPLIST_FILE = YES;
				INFOPLIST_FILE = CVM/Info.plist;
				INFOPLIST_KEY_UIApplicationSupportsIndirectInputEvents = YES;
				INFOPLIST_KEY_UILaunchStoryboardName = LaunchScreen;
				INFOPLIST_KEY_UIMainStoryboardFile = Main;
				INFOPLIST_KEY_UISupportedInterfaceOrientations_iPad = "UIInterfaceOrientationPortrait UIInterfaceOrientationPortraitUpsideDown UIInterfaceOrientationLandscapeLeft UIInterfaceOrientationLandscapeRight";
				INFOPLIST_KEY_UISupportedInterfaceOrientations_iPhone = "UIInterfaceOrientationPortrait UIInterfaceOrientationLandscapeLeft UIInterfaceOrientationLandscapeRight";
				IPHONEOS_DEPLOYMENT_TARGET = 17.2;
				LD_RUNPATH_SEARCH_PATHS = (
					"$(inherited)",
					"@executable_path/Frameworks",
				);
				MARKETING_VERSION = 1.0;
				PRODUCT_BUNDLE_IDENTIFIER = com.okami3363.CVM;
				PRODUCT_NAME = "$(TARGET_NAME)";
				SWIFT_EMIT_LOC_STRINGS = YES;
				TARGETED_DEVICE_FAMILY = "1,2";
			};
			name = Release;
		};
/* End XCBuildConfiguration section */

/* Begin XCConfigurationList section */
		71390B682BBC668B003DB608 /* Build configuration list for PBXProject "CVM" */ = {
			isa = XCConfigurationList;
			buildConfigurations = (
				71390B842BBC668C003DB608 /* Debug */,
				71390B852BBC668C003DB608 /* Release */,
			);
			defaultConfigurationIsVisible = 0;
			defaultConfigurationName = Release;
		};
		71390B862BBC668C003DB608 /* Build configuration list for PBXNativeTarget "CVM" */ = {
			isa = XCConfigurationList;
			buildConfigurations = (
				71390B872BBC668C003DB608 /* Debug */,
				71390B882BBC668C003DB608 /* Release */,
			);
			defaultConfigurationIsVisible = 0;
			defaultConfigurationName = Release;
		};
/* End XCConfigurationList section */
	};
	rootObject = 71390B652BBC668B003DB608 /* Project object */;
}
